
Microsoft Visual Studio Solution File, Format Version 12.00
Project("{FAE04EC0-301F-11D3-BF4B-00C04F79EFBC}") = "TrafficLightManager", "TrafficLightManager\TrafficLightManager.csproj", "{E22D095A-C0BD-4CA9-922E-04E7CBCB3CFF}"
EndProject
Global
	GlobalSection(SolutionConfigurationPlatforms) = preSolution
		Debug|Any CPU = Debug|Any CPU
		Release|Any CPU = Release|Any CPU
	EndGlobalSection
	GlobalSection(ProjectConfigurationPlatforms) = postSolution
		{E22D095A-C0BD-4CA9-922E-04E7CBCB3CFF}.Debug|Any CPU.ActiveCfg = Debug|Any CPU
		{E22D095A-C0BD-4CA9-922E-04E7CBCB3CFF}.Debug|Any CPU.Build.0 = Debug|Any CPU
		{E22D095A-C0BD-4CA9-922E-04E7CBCB3CFF}.Release|Any CPU.ActiveCfg = Release|Any CPU
		{E22D095A-C0BD-4CA9-922E-04E7CBCB3CFF}.Release|Any CPU.Build.0 = Release|Any CPU
	EndGlobalSection
EndGlobal
